
Microsoft Visual Studio Solution File, Format Version 12.00
# Visual Studio 14
VisualStudioVersion = 14.0.24720.0
MinimumVisualStudioVersion = 10.0.40219.1
Project("{FAE04EC0-301F-11D3-BF4B-00C04F79EFBC}") = "Primo_repo_test", "Primo_repo_test\Primo_repo_test.csproj", "{C8A4BAB7-620A-49FA-BC4B-7626CFA2674C}"
EndProject
Global
	GlobalSection(SolutionConfigurationPlatforms) = preSolution
		Debug|Any CPU = Debug|Any CPU
		Release|Any CPU = Release|Any CPU
	EndGlobalSection
	GlobalSection(ProjectConfigurationPlatforms) = postSolution
		{C8A4BAB7-620A-49FA-BC4B-7626CFA2674C}.Debug|Any CPU.ActiveCfg = Debug|Any CPU
		{C8A4BAB7-620A-49FA-BC4B-7626CFA2674C}.Debug|Any CPU.Build.0 = Debug|Any CPU
		{C8A4BAB7-620A-49FA-BC4B-7626CFA2674C}.Release|Any CPU.ActiveCfg = Release|Any CPU
		{C8A4BAB7-620A-49FA-BC4B-7626CFA2674C}.Release|Any CPU.Build.0 = Release|Any CPU
	EndGlobalSection
	GlobalSection(SolutionProperties) = preSolution
		HideSolutionNode = FALSE
	EndGlobalSection
EndGlobal
